
Microsoft Visual Studio Solution File, Format Version 12.00
Project("{FAE04EC0-301F-11D3-BF4B-00C04F79EFBC}") = "Backend", "Backend\Backend.csproj", "{96518B1C-ACB5-4090-9975-A4076AB5561C}"
EndProject
Global
	GlobalSection(SolutionConfigurationPlatforms) = preSolution
		Debug|Any CPU = Debug|Any CPU
		Release|Any CPU = Release|Any CPU
	EndGlobalSection
	GlobalSection(ProjectConfigurationPlatforms) = postSolution
		{96518B1C-ACB5-4090-9975-A4076AB5561C}.Debug|Any CPU.ActiveCfg = Debug|Any CPU
		{96518B1C-ACB5-4090-9975-A4076AB5561C}.Debug|Any CPU.Build.0 = Debug|Any CPU
		{96518B1C-ACB5-4090-9975-A4076AB5561C}.Release|Any CPU.ActiveCfg = Release|Any CPU
		{96518B1C-ACB5-4090-9975-A4076AB5561C}.Release|Any CPU.Build.0 = Release|Any CPU
	EndGlobalSection
EndGlobal
